
Microsoft Visual Studio Solution File, Format Version 12.00
# Visual Studio Version 17
VisualStudioVersion = 17.1.32407.343
MinimumVisualStudioVersion = 10.0.40219.1
Project("{FAE04EC0-301F-11D3-BF4B-00C04F79EFBC}") = "DesafioIMC", "DesafioIMC\DesafioIMC.csproj", "{A0955881-32E1-4D23-8201-96F0E65A0031}"
EndProject
Global
	GlobalSection(SolutionConfigurationPlatforms) = preSolution
		Debug|Any CPU = Debug|Any CPU
		Release|Any CPU = Release|Any CPU
	EndGlobalSection
	GlobalSection(ProjectConfigurationPlatforms) = postSolution
		{A0955881-32E1-4D23-8201-96F0E65A0031}.Debug|Any CPU.ActiveCfg = Debug|Any CPU
		{A0955881-32E1-4D23-8201-96F0E65A0031}.Debug|Any CPU.Build.0 = Debug|Any CPU
		{A0955881-32E1-4D23-8201-96F0E65A0031}.Release|Any CPU.ActiveCfg = Release|Any CPU
		{A0955881-32E1-4D23-8201-96F0E65A0031}.Release|Any CPU.Build.0 = Release|Any CPU
	EndGlobalSection
	GlobalSection(SolutionProperties) = preSolution
		HideSolutionNode = FALSE
	EndGlobalSection
	GlobalSection(ExtensibilityGlobals) = postSolution
		SolutionGuid = {3D317406-5369-49FB-AE7D-D0E8BE6BB27F}
	EndGlobalSection
EndGlobal
